github.com/dzhichko/Contains_module v0.0.1 h1:jPnPZwsBNcanKGXAvf0WiGqQgh/aS79fIg6Qu7sY5/Q=
github.com/dzhichko/Contains_module v0.0.1/go.mod h1:pH2Tbks4FLJI+TAS3n/+4OVE7vny0YXuB5HTH73iVOQ=
github.com/go-yaml/yaml v2.1.0+incompatible h1:RYi2hDdss1u4YE7GwixGzWwVo47T8UQwnTLB6vQiq+o=
github.com/go-yaml/yaml v2.1.0+incompatible/go.mod h1:w2MrLa16VYP0jy6N7M5kHaCkaLENm+P+Tv+MfurjSw0=
